# Auto-generated hash-pinned dependency lock file (F017).
# Regenerate with: scripts\generate_requirements_lock.py
# Install with: pip install --require-hashes -r requirements.lock

pandas==2.2.2 \
    --hash=sha256:d187d355ecec3629624fccb01d104da7d7f391db0311145817525281e2804d23
openpyxl==3.1.2 \
    --hash=sha256:f91456ead12ab3c6c2e9491cf33ba6d08357d802192379bb482f1033ade496f5
pillow==10.4.0 \
    --hash=sha256:1d846aea995ad352d4bdcc847535bd56e0fd88d36829d2c90be880ef1ee4668a
paramiko==3.4.0 \
    --hash=sha256:43f0b51115a896f9c00f59618023484cb3a14b98bbceab43394a39c6739b7ee7
pyserial==3.5 \
    --hash=sha256:c4451db6ba391ca6ca299fb3ec7bae67a5c55dde170964c7a14ceefec02f2cf0
ping3==4.0.4 \
    --hash=sha256:dd8439ced69d6fec5885c8d4faefb055aacffb5a20f5e38a78459a5b18cc5e5a
numpy==1.26.3 \
    --hash=sha256:da4b0c6c699a0ad73c810736303f7fbae483bcb012e38d7eb06a5e3b432c981b
et-xmlfile==1.1.0 \
    --hash=sha256:a2ba85d1d6a74ef63837eed693bcb89c3f752169b0e3e7ae5b16ca5e1b3deada
lxml==6.0.4 \
    --hash=sha256:03affcacfba4671ebc305813b02bfaf34d80b6a7c5b23eafc5d6da14a1a6e623
XlsxWriter==3.2.0 \
    --hash=sha256:ecfd5405b3e0e228219bcaf24c2ca0915e012ca9464a14048021d21a995d490e
python-dateutil==2.8.2 \
    --hash=sha256:961d03dc3453ebbc59dbdea9e4e11c5651520a876d0f4db161e8674aae935da9
pytz==2023.3.post1 \
    --hash=sha256:ce42d816b81b68506614c11e8937d3aa9e41007ceb50bfdcb0749b921bf646c7
tzdata==2023.4 \
    --hash=sha256:aa3ace4329eeacda5b7beb7ea08ece826c28d761cda36e747cfbf97996d39bf3
six==1.16.0 \
    --hash=sha256:8abb2f1d86890a2dfb989f9a77cfcfd3e47c2a354b01111771326f8aa26e0254
cryptography==41.0.7 \
    --hash=sha256:90452ba79b8788fa380dfb587cca692976ef4e757b194b093d845e8d99f612f2
PyNaCl==1.5.0 \
    --hash=sha256:20f42270d27e1b6a29f54032090b972d97f0a1b0948cc52392041ef7831fee93
bcrypt==4.1.2 \
    --hash=sha256:be3ab1071662f6065899fe08428e45c16aa36e28bc42921c4901a191fda6ee42
pycparser==2.21 \
    --hash=sha256:8ee45429555515e1f6b185e78100aea234072576aa43ab53aefcae078162fca9
cffi==2.0.0 \
    --hash=sha256:da68248800ad6320861f129cd9c1bf96ca849a2771a59e0344e88681905916f5
psutil==7.2.2 \
    --hash=sha256:eb7e81434c8d223ec4a219b5fc1c47d0417b12be7ea866e24fb5ad6e84b3d988
pywin32==311 \
    --hash=sha256:b8c095edad5c211ff31c05223658e71bf7116daa0ecf3ad85f3201ea3190d067
wexpect==4.0.0 \
    --hash=sha256:de9e739e78ec4d74a39bf8499904dacb6c594007a674fb7e10752c9b131f6522
pexpect==4.9.0 \
    --hash=sha256:7236d1e080e4936be2dc3e326cec0af72acf9212a7e1d060210e70a47e253523
keyring==24.1.1 \
    --hash=sha256:bc402c5e501053098bcbd149c4ddbf8e36c6809e572c2d098d4961e88d4c270d
docx==0.2.4 \
    --hash=sha256:9d7595eac6e86cda0b7136a2995318d039c1f3eaa368a3300805abbbe5dc8877
pyinstaller==6.3.0 \
    --hash=sha256:156b32ba943e0090bcc68e40ae1cb68fd92b7f1ab6fe0bdf8faf3d3cfc4e12dd
pyinstaller-hooks-contrib==2023.12 \
    --hash=sha256:6a601a0d783fa725327fc6ac712779475dc8979f639419c7fcd460dd8d0a6d2a
altgraph==0.17.4 \
    --hash=sha256:642743b4750de17e655e6711601b077bc6598dbfa3ba5fa2b2a35ce12b508dff
macholib==1.16.3 \
    --hash=sha256:0e315d7583d38b8c77e815b1ecbdbf504a8258d8b3e17b61165c6feb60d18f2c
pefile==2023.2.7 \
    --hash=sha256:da185cd2af68c08a6cd4481f7325ed600a88f6a813bad9dea07ab3ef73d8d8d6
setuptools==69.0.3 \
    --hash=sha256:385eb4edd9c9d5c17540511303e39a147ce2fc04bc55289c322b9e5904fe2c05
packaging==23.2 \
    --hash=sha256:8c491190033a9af7e1d931d0b5dacc2ef47509b34dd0de67ed209b5203fc88c7
pytest==9.0.3 \
    --hash=sha256:2c5efc453d45394fdd706ade797c0a81091eccd1d6e4bccfcd476e2b8e0ab5d9
colorama==0.4.6 \
    --hash=sha256:4f1d9991f5acc0ca119f9d443620b77f9d6b33703e51011c16baf57afb285fc6
iniconfig==2.0.0 \
    --hash=sha256:b6a85871a79d2e3b22d2d1b94ac2824226a63c6b741c88f7ae975f18b6778374
pluggy==1.6.0 \
    --hash=sha256:e920276dd6813095e9377c0bc5566d94c932c33b27a3e3945d8389c374dd4746
Pygments==2.20.0 \
    --hash=sha256:81a9e26dd42fd28a23a2d169d86d7ac03b46e2f8b59ed4698fb4785f946d0176
